// !$*UTF8*$!
{
	archiveVersion = 1;
	classes = {
	};
	objectVersion = 46;
	objects = {

/* Begin PBXBuildFile section */
		6931E2071EC98462006C7A15 /* AppDelegate.swift in Sources */ = {isa = PBXBuildFile; fileRef = 6931E2061EC98462006C7A15 /* AppDelegate.swift */; };
		6931E2091EC98462006C7A15 /* ViewController.swift in Sources */ = {isa = PBXBuildFile; fileRef = 6931E2081EC98462006C7A15 /* ViewController.swift */; };
		6931E20C1EC98462006C7A15 /* Main.storyboard in Resources */ = {isa = PBXBuildFile; fileRef = 6931E20A1EC98462006C7A15 /* Main.storyboard */; };
		6931E20F1EC98462006C7A15 /* myResturentApp.xcdatamodeld in Sources */ = {isa = PBXBuildFile; fileRef = 6931E20D1EC98462006C7A15 /* myResturentApp.xcdatamodeld */; };
		6931E2111EC98462006C7A15 /* Assets.xcassets in Resources */ = {isa = PBXBuildFile; fileRef = 6931E2101EC98462006C7A15 /* Assets.xcassets */; };
		6931E2141EC98462006C7A15 /* LaunchScreen.storyboard in Resources */ = {isa = PBXBuildFile; fileRef = 6931E2121EC98462006C7A15 /* LaunchScreen.storyboard */; };
		6931E21F1EC98462006C7A15 /* myResturentAppUITests.swift in Sources */ = {isa = PBXBuildFile; fileRef = 6931E21E1EC98462006C7A15 /* myResturentAppUITests.swift */; };
		6936C7A91ECA0E1200F369D6 /* RestaurentHomeViewController.swift in Sources */ = {isa = PBXBuildFile; fileRef = 6936C7A81ECA0E1200F369D6 /* RestaurentHomeViewController.swift */; };
		6936C7AD1ECA0F5400F369D6 /* CoreLocation.framework in Frameworks */ = {isa = PBXBuildFile; fileRef = 6936C7AC1ECA0F5400F369D6 /* CoreLocation.framework */; };
		6936C7AF1ECA0F5B00F369D6 /* MapKit.framework in Frameworks */ = {isa = PBXBuildFile; fileRef = 6936C7AE1ECA0F5B00F369D6 /* MapKit.framework */; };
		6937C8D01EC9B1C900A583A1 /* Inconsolata-Bold.ttf in Resources */ = {isa = PBXBuildFile; fileRef = 6937C8A51EC9B1C900A583A1 /* Inconsolata-Bold.ttf */; };
		6937C8D11EC9B1C900A583A1 /* Inconsolata-Regular.ttf in Resources */ = {isa = PBXBuildFile; fileRef = 6937C8A61EC9B1C900A583A1 /* Inconsolata-Regular.ttf */; };
		6937C8D21EC9B1C900A583A1 /* OFL.txt in Resources */ = {isa = PBXBuildFile; fileRef = 6937C8A71EC9B1C900A583A1 /* OFL.txt */; };
		6937C8D31EC9B1C900A583A1 /* LICENSE.txt in Resources */ = {isa = PBXBuildFile; fileRef = 6937C8A91EC9B1C900A583A1 /* LICENSE.txt */; };
		6937C8D41EC9B1C900A583A1 /* NotoSans-Bold.ttf in Resources */ = {isa = PBXBuildFile; fileRef = 6937C8AA1EC9B1C900A583A1 /* NotoSans-Bold.ttf */; };
		6937C8D51EC9B1C900A583A1 /* NotoSans-BoldItalic.ttf in Resources */ = {isa = PBXBuildFile; fileRef = 6937C8AB1EC9B1C900A583A1 /* NotoSans-BoldItalic.ttf */; };
		6937C8D61EC9B1C900A583A1 /* NotoSans-Italic.ttf in Resources */ = {isa = PBXBuildFile; fileRef = 6937C8AC1EC9B1C900A583A1 /* NotoSans-Italic.ttf */; };
		6937C8D71EC9B1C900A583A1 /* NotoSans-Regular.ttf in Resources */ = {isa = PBXBuildFile; fileRef = 6937C8AD1EC9B1C900A583A1 /* NotoSans-Regular.ttf */; };
		6937C8D81EC9B1C900A583A1 /* LICENSE.txt in Resources */ = {isa = PBXBuildFile; fileRef = 6937C8AF1EC9B1C900A583A1 /* LICENSE.txt */; };
		6937C8D91EC9B1C900A583A1 /* OpenSans-Bold.ttf in Resources */ = {isa = PBXBuildFile; fileRef = 6937C8B01EC9B1C900A583A1 /* OpenSans-Bold.ttf */; };
		6937C8DA1EC9B1C900A583A1 /* OpenSans-BoldItalic.ttf in Resources */ = {isa = PBXBuildFile; fileRef = 6937C8B11EC9B1C900A583A1 /* OpenSans-BoldItalic.ttf */; };
		6937C8DB1EC9B1C900A583A1 /* OpenSans-ExtraBold.ttf in Resources */ = {isa = PBXBuildFile; fileRef = 6937C8B21EC9B1C900A583A1 /* OpenSans-ExtraBold.ttf */; };
		6937C8DC1EC9B1C900A583A1 /* OpenSans-ExtraBoldItalic.ttf in Resources */ = {isa = PBXBuildFile; fileRef = 6937C8B31EC9B1C900A583A1 /* OpenSans-ExtraBoldItalic.ttf */; };
		6937C8DD1EC9B1C900A583A1 /* OpenSans-Italic.ttf in Resources */ = {isa = PBXBuildFile; fileRef = 6937C8B41EC9B1C900A583A1 /* OpenSans-Italic.ttf */; };
		6937C8DE1EC9B1C900A583A1 /* OpenSans-Light.ttf in Resources */ = {isa = PBXBuildFile; fileRef = 6937C8B51EC9B1C900A583A1 /* OpenSans-Light.ttf */; };
		6937C8DF1EC9B1C900A583A1 /* OpenSans-LightItalic.ttf in Resources */ = {isa = PBXBuildFile; fileRef = 6937C8B61EC9B1C900A583A1 /* OpenSans-LightItalic.ttf */; };
		6937C8E01EC9B1C900A583A1 /* OpenSans-Regular.ttf in Resources */ = {isa = PBXBuildFile; fileRef = 6937C8B71EC9B1C900A583A1 /* OpenSans-Regular.ttf */; };
		6937C8E11EC9B1C900A583A1 /* OpenSans-Semibold.ttf in Resources */ = {isa = PBXBuildFile; fileRef = 6937C8B81EC9B1C900A583A1 /* OpenSans-Semibold.ttf */; };
		6937C8E21EC9B1C900A583A1 /* OpenSans-SemiboldItalic.ttf in Resources */ = {isa = PBXBuildFile; fileRef = 6937C8B91EC9B1C900A583A1 /* OpenSans-SemiboldItalic.ttf */; };
		6937C8E31EC9B1C900A583A1 /* LICENSE.txt in Resources */ = {isa = PBXBuildFile; fileRef = 6937C8BB1EC9B1C900A583A1 /* LICENSE.txt */; };
		6937C8E41EC9B1C900A583A1 /* OpenSans-CondBold.ttf in Resources */ = {isa = PBXBuildFile; fileRef = 6937C8BC1EC9B1C900A583A1 /* OpenSans-CondBold.ttf */; };
		6937C8E51EC9B1C900A583A1 /* OpenSans-CondLight.ttf in Resources */ = {isa = PBXBuildFile; fileRef = 6937C8BD1EC9B1C900A583A1 /* OpenSans-CondLight.ttf */; };
		6937C8E61EC9B1C900A583A1 /* OpenSans-CondLightItalic.ttf in Resources */ = {isa = PBXBuildFile; fileRef = 6937C8BE1EC9B1C900A583A1 /* OpenSans-CondLightItalic.ttf */; };
		6937C8E71EC9B1C900A583A1 /* LICENSE.txt in Resources */ = {isa = PBXBuildFile; fileRef = 6937C8C01EC9B1C900A583A1 /* LICENSE.txt */; };
		6937C8E81EC9B1C900A583A1 /* Roboto-Black.ttf in Resources */ = {isa = PBXBuildFile; fileRef = 6937C8C11EC9B1C900A583A1 /* Roboto-Black.ttf */; };
		6937C8E91EC9B1C900A583A1 /* Roboto-BlackItalic.ttf in Resources */ = {isa = PBXBuildFile; fileRef = 6937C8C21EC9B1C900A583A1 /* Roboto-BlackItalic.ttf */; };
		6937C8EA1EC9B1C900A583A1 /* Roboto-Bold.ttf in Resources */ = {isa = PBXBuildFile; fileRef = 6937C8C31EC9B1C900A583A1 /* Roboto-Bold.ttf */; };
		6937C8EB1EC9B1C900A583A1 /* Roboto-BoldItalic.ttf in Resources */ = {isa = PBXBuildFile; fileRef = 6937C8C41EC9B1C900A583A1 /* Roboto-BoldItalic.ttf */; };
		6937C8EC1EC9B1C900A583A1 /* Roboto-Italic.ttf in Resources */ = {isa = PBXBuildFile; fileRef = 6937C8C51EC9B1C900A583A1 /* Roboto-Italic.ttf */; };
		6937C8ED1EC9B1C900A583A1 /* Roboto-Light.ttf in Resources */ = {isa = PBXBuildFile; fileRef = 6937C8C61EC9B1C900A583A1 /* Roboto-Light.ttf */; };
		6937C8EE1EC9B1C900A583A1 /* Roboto-LightItalic.ttf in Resources */ = {isa = PBXBuildFile; fileRef = 6937C8C71EC9B1C900A583A1 /* Roboto-LightItalic.ttf */; };
		6937C8EF1EC9B1C900A583A1 /* Roboto-Medium.ttf in Resources */ = {isa = PBXBuildFile; fileRef = 6937C8C81EC9B1C900A583A1 /* Roboto-Medium.ttf */; };
		6937C8F01EC9B1C900A583A1 /* Roboto-MediumItalic.ttf in Resources */ = {isa = PBXBuildFile; fileRef = 6937C8C91EC9B1C900A583A1 /* Roboto-MediumItalic.ttf */; };
		6937C8F11EC9B1C900A583A1 /* Roboto-Regular.ttf in Resources */ = {isa = PBXBuildFile; fileRef = 6937C8CA1EC9B1C900A583A1 /* Roboto-Regular.ttf */; };
		6937C8F21EC9B1C900A583A1 /* Roboto-Thin.ttf in Resources */ = {isa = PBXBuildFile; fileRef = 6937C8CB1EC9B1C900A583A1 /* Roboto-Thin.ttf */; };
		6937C8F31EC9B1C900A583A1 /* Roboto-ThinItalic.ttf in Resources */ = {isa = PBXBuildFile; fileRef = 6937C8CC1EC9B1C900A583A1 /* Roboto-ThinItalic.ttf */; };
		6937C8F41EC9B1C900A583A1 /* LICENSE.txt in Resources */ = {isa = PBXBuildFile; fileRef = 6937C8CE1EC9B1C900A583A1 /* LICENSE.txt */; };
		6937C8F51EC9B1C900A583A1 /* Yellowtail-Regular.ttf in Resources */ = {isa = PBXBuildFile; fileRef = 6937C8CF1EC9B1C900A583A1 /* Yellowtail-Regular.ttf */; };
		6937C8F71EC9C0EC00A583A1 /* SignUpViewController.swift in Sources */ = {isa = PBXBuildFile; fileRef = 6937C8F61EC9C0EC00A583A1 /* SignUpViewController.swift */; };
		6937C8FA1EC9D91D00A583A1 /* FinalSignUpViewController.swift in Sources */ = {isa = PBXBuildFile; fileRef = 6937C8F91EC9D91D00A583A1 /* FinalSignUpViewController.swift */; };
		693E21C71ECB7BAE00F66C8B /* AddFoodViewController.swift in Sources */ = {isa = PBXBuildFile; fileRef = 693E21C61ECB7BAE00F66C8B /* AddFoodViewController.swift */; };
		693E21C91ECB9C7A00F66C8B /* FoodData.swift in Sources */ = {isa = PBXBuildFile; fileRef = 693E21C81ECB9C7A00F66C8B /* FoodData.swift */; };
		694E480E1ECD72DC00FF29A2 /* GoogleService-Info.plist in Resources */ = {isa = PBXBuildFile; fileRef = 694E480D1ECD72DC00FF29A2 /* GoogleService-Info.plist */; };
		695C1B0D1EC999C900C6D36B /* DesignableButton.swift in Sources */ = {isa = PBXBuildFile; fileRef = 695C1B0C1EC999C900C6D36B /* DesignableButton.swift */; };
		695C1B0F1EC99B1E00C6D36B /* DesignableTextField.swift in Sources */ = {isa = PBXBuildFile; fileRef = 695C1B0E1EC99B1E00C6D36B /* DesignableTextField.swift */; };
		6980E8071ECB18CD004ED80C /* MenuCategoriesTableViewController.swift in Sources */ = {isa = PBXBuildFile; fileRef = 6980E8061ECB18CD004ED80C /* MenuCategoriesTableViewController.swift */; };
		6980E8091ECB2109004ED80C /* MenuViewController.swift in Sources */ = {isa = PBXBuildFile; fileRef = 6980E8081ECB2109004ED80C /* MenuViewController.swift */; };
		6980E80B1ECB25D6004ED80C /* FoodCollectionViewCell.swift in Sources */ = {isa = PBXBuildFile; fileRef = 6980E80A1ECB25D6004ED80C /* FoodCollectionViewCell.swift */; };
		ADFB375090B0E49DD7BCDD8C /* Pods_myResturentAppUITests.framework in Frameworks */ = {isa = PBXBuildFile; fileRef = B37CFF2BAB86D7EB336695F3 /* Pods_myResturentAppUITests.framework */; };
		B574220D6DEB818EC03BAE33 /* Pods_myResturentApp.framework in Frameworks */ = {isa = PBXBuildFile; fileRef = 68BDF48C517D550A8BE4C9BC /* Pods_myResturentApp.framework */; };
/* End PBXBuildFile section */

/* Begin PBXContainerItemProxy section */
		6931E21B1EC98462006C7A15 /* PBXContainerItemProxy */ = {
			isa = PBXContainerItemProxy;
			containerPortal = 6931E1FB1EC98462006C7A15 /* Project object */;
			proxyType = 1;
			remoteGlobalIDString = 6931E2021EC98462006C7A15;
			remoteInfo = myResturentApp;
		};
/* End PBXContainerItemProxy section */

/* Begin PBXFileReference section */
		1DC383664453B7AA0DD6015C /* Pods-myResturentAppUITests.debug.xcconfig */ = {isa = PBXFileReference; includeInIndex = 1; lastKnownFileType = text.xcconfig; name = "Pods-myResturentAppUITests.debug.xcconfig"; path = "Pods/Target Support Files/Pods-myResturentAppUITests/Pods-myResturentAppUITests.debug.xcconfig"; sourceTree = "<group>"; };
		4F7D9C47CBBD77760C8A3F5A /* Pods-myResturentApp.debug.xcconfig */ = {isa = PBXFileReference; includeInIndex = 1; lastKnownFileType = text.xcconfig; name = "Pods-myResturentApp.debug.xcconfig"; path = "Pods/Target Support Files/Pods-myResturentApp/Pods-myResturentApp.debug.xcconfig"; sourceTree = "<group>"; };
		68BDF48C517D550A8BE4C9BC /* Pods_myResturentApp.framework */ = {isa = PBXFileReference; explicitFileType = wrapper.framework; includeInIndex = 0; path = Pods_myResturentApp.framework; sourceTree = BUILT_PRODUCTS_DIR; };
		6931E2031EC98462006C7A15 /* myResturentApp.app */ = {isa = PBXFileReference; explicitFileType = wrapper.application; includeInIndex = 0; path = myResturentApp.app; sourceTree = BUILT_PRODUCTS_DIR; };
		6931E2061EC98462006C7A15 /* AppDelegate.swift */ = {isa = PBXFileReference; lastKnownFileType = sourcecode.swift; path = AppDelegate.swift; sourceTree = "<group>"; };
		6931E2081EC98462006C7A15 /* ViewController.swift */ = {isa = PBXFileReference; lastKnownFileType = sourcecode.swift; path = ViewController.swift; sourceTree = "<group>"; };
		6931E20B1EC98462006C7A15 /* Base */ = {isa = PBXFileReference; lastKnownFileType = file.storyboard; name = Base; path = Base.lproj/Main.storyboard; sourceTree = "<group>"; };
		6931E20E1EC98462006C7A15 /* myResturentApp.xcdatamodel */ = {isa = PBXFileReference; lastKnownFileType = wrapper.xcdatamodel; path = myResturentApp.xcdatamodel; sourceTree = "<group>"; };
		6931E2101EC98462006C7A15 /* Assets.xcassets */ = {isa = PBXFileReference; lastKnownFileType = folder.assetcatalog; path = Assets.xcassets; sourceTree = "<group>"; };
		6931E2131EC98462006C7A15 /* Base */ = {isa = PBXFileReference; lastKnownFileType = file.storyboard; name = Base; path = Base.lproj/LaunchScreen.storyboard; sourceTree = "<group>"; };
		6931E2151EC98462006C7A15 /* Info.plist */ = {isa = PBXFileReference; lastKnownFileType = text.plist.xml; path = Info.plist; sourceTree = "<group>"; };
		6931E21A1EC98462006C7A15 /* myResturentAppUITests.xctest */ = {isa = PBXFileReference; explicitFileType = wrapper.cfbundle; includeInIndex = 0; path = myResturentAppUITests.xctest; sourceTree = BUILT_PRODUCTS_DIR; };
		6931E21E1EC98462006C7A15 /* myResturentAppUITests.swift */ = {isa = PBXFileReference; lastKnownFileType = sourcecode.swift; path = myResturentAppUITests.swift; sourceTree = "<group>"; };
		6931E2201EC98462006C7A15 /* Info.plist */ = {isa = PBXFileReference; lastKnownFileType = text.plist.xml; path = Info.plist; sourceTree = "<group>"; };
		6936C7A81ECA0E1200F369D6 /* RestaurentHomeViewController.swift */ = {isa = PBXFileReference; fileEncoding = 4; lastKnownFileType = sourcecode.swift; path = RestaurentHomeViewController.swift; sourceTree = "<group>"; };
		6936C7AC1ECA0F5400F369D6 /* CoreLocation.framework */ = {isa = PBXFileReference; lastKnownFileType = wrapper.framework; name = CoreLocation.framework; path = System/Library/Frameworks/CoreLocation.framework; sourceTree = SDKROOT; };
		6936C7AE1ECA0F5B00F369D6 /* MapKit.framework */ = {isa = PBXFileReference; lastKnownFileType = wrapper.framework; name = MapKit.framework; path = System/Library/Frameworks/MapKit.framework; sourceTree = SDKROOT; };
		6937C8A51EC9B1C900A583A1 /* Inconsolata-Bold.ttf */ = {isa = PBXFileReference; lastKnownFileType = file; path = "Inconsolata-Bold.ttf"; sourceTree = "<group>"; };
		6937C8A61EC9B1C900A583A1 /* Inconsolata-Regular.ttf */ = {isa = PBXFileReference; lastKnownFileType = file; path = "Inconsolata-Regular.ttf"; sourceTree = "<group>"; };
		6937C8A71EC9B1C900A583A1 /* OFL.txt */ = {isa = PBXFileReference; fileEncoding = 4; lastKnownFileType = text; path = OFL.txt; sourceTree = "<group>"; };
		6937C8A91EC9B1C900A583A1 /* LICENSE.txt */ = {isa = PBXFileReference; fileEncoding = 4; lastKnownFileType = text; path = LICENSE.txt; sourceTree = "<group>"; };
		6937C8AA1EC9B1C900A583A1 /* NotoSans-Bold.ttf */ = {isa = PBXFileReference; lastKnownFileType = file; path = "NotoSans-Bold.ttf"; sourceTree = "<group>"; };
		6937C8AB1EC9B1C900A583A1 /* NotoSans-BoldItalic.ttf */ = {isa = PBXFileReference; lastKnownFileType = file; path = "NotoSans-BoldItalic.ttf"; sourceTree = "<group>"; };
		6937C8AC1EC9B1C900A583A1 /* NotoSans-Italic.ttf */ = {isa = PBXFileReference; lastKnownFileType = file; path = "NotoSans-Italic.ttf"; sourceTree = "<group>"; };
		6937C8AD1EC9B1C900A583A1 /* NotoSans-Regular.ttf */ = {isa = PBXFileReference; lastKnownFileType = file; path = "NotoSans-Regular.ttf"; sourceTree = "<group>"; };
		6937C8AF1EC9B1C900A583A1 /* LICENSE.txt */ = {isa = PBXFileReference; fileEncoding = 4; lastKnownFileType = text; path = LICENSE.txt; sourceTree = "<group>"; };
		6937C8B01EC9B1C900A583A1 /* OpenSans-Bold.ttf */ = {isa = PBXFileReference; lastKnownFileType = file; path = "OpenSans-Bold.ttf"; sourceTree = "<group>"; };
		6937C8B11EC9B1C900A583A1 /* OpenSans-BoldItalic.ttf */ = {isa = PBXFileReference; lastKnownFileType = file; path = "OpenSans-BoldItalic.ttf"; sourceTree = "<group>"; };
		6937C8B21EC9B1C900A583A1 /* OpenSans-ExtraBold.ttf */ = {isa = PBXFileReference; lastKnownFileType = file; path = "OpenSans-ExtraBold.ttf"; sourceTree = "<group>"; };
		6937C8B31EC9B1C900A583A1 /* OpenSans-ExtraBoldItalic.ttf */ = {isa = PBXFileReference; lastKnownFileType = file; path = "OpenSans-ExtraBoldItalic.ttf"; sourceTree = "<group>"; };
		6937C8B41EC9B1C900A583A1 /* OpenSans-Italic.ttf */ = {isa = PBXFileReference; lastKnownFileType = file; path = "OpenSans-Italic.ttf"; sourceTree = "<group>"; };
		6937C8B51EC9B1C900A583A1 /* OpenSans-Light.ttf */ = {isa = PBXFileReference; lastKnownFileType = file; path = "OpenSans-Light.ttf"; sourceTree = "<group>"; };
		6937C8B61EC9B1C900A583A1 /* OpenSans-LightItalic.ttf */ = {isa = PBXFileReference; lastKnownFileType = file; path = "OpenSans-LightItalic.ttf"; sourceTree = "<group>"; };
		6937C8B71EC9B1C900A583A1 /* OpenSans-Regular.ttf */ = {isa = PBXFileReference; lastKnownFileType = file; path = "OpenSans-Regular.ttf"; sourceTree = "<group>"; };
		6937C8B81EC9B1C900A583A1 /* OpenSans-Semibold.ttf */ = {isa = PBXFileReference; lastKnownFileType = file; path = "OpenSans-Semibold.ttf"; sourceTree = "<group>"; };
		6937C8B91EC9B1C900A583A1 /* OpenSans-SemiboldItalic.ttf */ = {isa = PBXFileReference; lastKnownFileType = file; path = "OpenSans-SemiboldItalic.ttf"; sourceTree = "<group>"; };
		6937C8BB1EC9B1C900A583A1 /* LICENSE.txt */ = {isa = PBXFileReference; fileEncoding = 4; lastKnownFileType = text; path = LICENSE.txt; sourceTree = "<group>"; };
		6937C8BC1EC9B1C900A583A1 /* OpenSans-CondBold.ttf */ = {isa = PBXFileReference; lastKnownFileType = file; path = "OpenSans-CondBold.ttf"; sourceTree = "<group>"; };
		6937C8BD1EC9B1C900A583A1 /* OpenSans-CondLight.ttf */ = {isa = PBXFileReference; lastKnownFileType = file; path = "OpenSans-CondLight.ttf"; sourceTree = "<group>"; };
		6937C8BE1EC9B1C900A583A1 /* OpenSans-CondLightItalic.ttf */ = {isa = PBXFileReference; lastKnownFileType = file; path = "OpenSans-CondLightItalic.ttf"; sourceTree = "<group>"; };
		6937C8C01EC9B1C900A583A1 /* LICENSE.txt */ = {isa = PBXFileReference; fileEncoding = 4; lastKnownFileType = text; path = LICENSE.txt; sourceTree = "<group>"; };
		6937C8C11EC9B1C900A583A1 /* Roboto-Black.ttf */ = {isa = PBXFileReference; lastKnownFileType = file; path = "Roboto-Black.ttf"; sourceTree = "<group>"; };
		6937C8C21EC9B1C900A583A1 /* Roboto-BlackItalic.ttf */ = {isa = PBXFileReference; lastKnownFileType = file; path = "Roboto-BlackItalic.ttf"; sourceTree = "<group>"; };
		6937C8C31EC9B1C900A583A1 /* Roboto-Bold.ttf */ = {isa = PBXFileReference; lastKnownFileType = file; path = "Roboto-Bold.ttf"; sourceTree = "<group>"; };
		6937C8C41EC9B1C900A583A1 /* Roboto-BoldItalic.ttf */ = {isa = PBXFileReference; lastKnownFileType = file; path = "Roboto-BoldItalic.ttf"; sourceTree = "<group>"; };
		6937C8C51EC9B1C900A583A1 /* Roboto-Italic.ttf */ = {isa = PBXFileReference; lastKnownFileType = file; path = "Roboto-Italic.ttf"; sourceTree = "<group>"; };
		6937C8C61EC9B1C900A583A1 /* Roboto-Light.ttf */ = {isa = PBXFileReference; lastKnownFileType = file; path = "Roboto-Light.ttf"; sourceTree = "<group>"; };
		6937C8C71EC9B1C900A583A1 /* Roboto-LightItalic.ttf */ = {isa = PBXFileReference; lastKnownFileType = file; path = "Roboto-LightItalic.ttf"; sourceTree = "<group>"; };
		6937C8C81EC9B1C900A583A1 /* Roboto-Medium.ttf */ = {isa = PBXFileReference; lastKnownFileType = file; path = "Roboto-Medium.ttf"; sourceTree = "<group>"; };
		6937C8C91EC9B1C900A583A1 /* Roboto-MediumItalic.ttf */ = {isa = PBXFileReference; lastKnownFileType = file; path = "Roboto-MediumItalic.ttf"; sourceTree = "<group>"; };
		6937C8CA1EC9B1C900A583A1 /* Roboto-Regular.ttf */ = {isa = PBXFileReference; lastKnownFileType = file; path = "Roboto-Regular.ttf"; sourceTree = "<group>"; };
		6937C8CB1EC9B1C900A583A1 /* Roboto-Thin.ttf */ = {isa = PBXFileReference; lastKnownFileType = file; path = "Roboto-Thin.ttf"; sourceTree = "<group>"; };
		6937C8CC1EC9B1C900A583A1 /* Roboto-ThinItalic.ttf */ = {isa = PBXFileReference; lastKnownFileType = file; path = "Roboto-ThinItalic.ttf"; sourceTree = "<group>"; };
		6937C8CE1EC9B1C900A583A1 /* LICENSE.txt */ = {isa = PBXFileReference; fileEncoding = 4; lastKnownFileType = text; path = LICENSE.txt; sourceTree = "<group>"; };
		6937C8CF1EC9B1C900A583A1 /* Yellowtail-Regular.ttf */ = {isa = PBXFileReference; lastKnownFileType = file; path = "Yellowtail-Regular.ttf"; sourceTree = "<group>"; };
		6937C8F61EC9C0EC00A583A1 /* SignUpViewController.swift */ = {isa = PBXFileReference; fileEncoding = 4; lastKnownFileType = sourcecode.swift; path = SignUpViewController.swift; sourceTree = "<group>"; };
		6937C8F91EC9D91D00A583A1 /* FinalSignUpViewController.swift */ = {isa = PBXFileReference; fileEncoding = 4; lastKnownFileType = sourcecode.swift; path = FinalSignUpViewController.swift; sourceTree = "<group>"; };
		693E21C61ECB7BAE00F66C8B /* AddFoodViewController.swift */ = {isa = PBXFileReference; fileEncoding = 4; lastKnownFileType = sourcecode.swift; path = AddFoodViewController.swift; sourceTree = "<group>"; };
		693E21C81ECB9C7A00F66C8B /* FoodData.swift */ = {isa = PBXFileReference; fileEncoding = 4; lastKnownFileType = sourcecode.swift; path = FoodData.swift; sourceTree = "<group>"; };
		694E480D1ECD72DC00FF29A2 /* GoogleService-Info.plist */ = {isa = PBXFileReference; fileEncoding = 4; lastKnownFileType = text.plist.xml; path = "GoogleService-Info.plist"; sourceTree = "<group>"; };
		695C1B0C1EC999C900C6D36B /* DesignableButton.swift */ = {isa = PBXFileReference; fileEncoding = 4; lastKnownFileType = sourcecode.swift; path = DesignableButton.swift; sourceTree = "<group>"; };
		695C1B0E1EC99B1E00C6D36B /* DesignableTextField.swift */ = {isa = PBXFileReference; fileEncoding = 4; lastKnownFileType = sourcecode.swift; path = DesignableTextField.swift; sourceTree = "<group>"; };
		6980E8061ECB18CD004ED80C /* MenuCategoriesTableViewController.swift */ = {isa = PBXFileReference; fileEncoding = 4; lastKnownFileType = sourcecode.swift; path = MenuCategoriesTableViewController.swift; sourceTree = "<group>"; };
		6980E8081ECB2109004ED80C /* MenuViewController.swift */ = {isa = PBXFileReference; fileEncoding = 4; lastKnownFileType = sourcecode.swift; path = MenuViewController.swift; sourceTree = "<group>"; };
		6980E80A1ECB25D6004ED80C /* FoodCollectionViewCell.swift */ = {isa = PBXFileReference; fileEncoding = 4; lastKnownFileType = sourcecode.swift; path = FoodCollectionViewCell.swift; sourceTree = "<group>"; };
		B37CFF2BAB86D7EB336695F3 /* Pods_myResturentAppUITests.framework */ = {isa = PBXFileReference; explicitFileType = wrapper.framework; includeInIndex = 0; path = Pods_myResturentAppUITests.framework; sourceTree = BUILT_PRODUCTS_DIR; };
		C859EA7652A70F276A20BD83 /* Pods-myResturentAppUITests.release.xcconfig */ = {isa = PBXFileReference; includeInIndex = 1; lastKnownFileType = text.xcconfig; name = "Pods-myResturentAppUITests.release.xcconfig"; path = "Pods/Target Support Files/Pods-myResturentAppUITests/Pods-myResturentAppUITests.release.xcconfig"; sourceTree = "<group>"; };
		EF66D37C6B1409C558C897F9 /* Pods-myResturentApp.release.xcconfig */ = {isa = PBXFileReference; includeInIndex = 1; lastKnownFileType = text.xcconfig; name = "Pods-myResturentApp.release.xcconfig"; path = "Pods/Target Support Files/Pods-myResturentApp/Pods-myResturentApp.release.xcconfig"; sourceTree = "<group>"; };
/* End PBXFileReference section */

/* Begin PBXFrameworksBuildPhase section */
		6931E2001EC98462006C7A15 /* Frameworks */ = {
			isa = PBXFrameworksBuildPhase;
			buildActionMask = 2147483647;
			files = (
				6936C7AF1ECA0F5B00F369D6 /* MapKit.framework in Frameworks */,
				6936C7AD1ECA0F5400F369D6 /* CoreLocation.framework in Frameworks */,
				B574220D6DEB818EC03BAE33 /* Pods_myResturentApp.framework in Frameworks */,
			);
			runOnlyForDeploymentPostprocessing = 0;
		};
		6931E2171EC98462006C7A15 /* Frameworks */ = {
			isa = PBXFrameworksBuildPhase;
			buildActionMask = 2147483647;
			files = (
				ADFB375090B0E49DD7BCDD8C /* Pods_myResturentAppUITests.framework in Frameworks */,
			);
			runOnlyForDeploymentPostprocessing = 0;
		};
/* End PBXFrameworksBuildPhase section */

/* Begin PBXGroup section */
		173FABCECAD04823C062CAFA /* Pods */ = {
			isa = PBXGroup;
			children = (
				4F7D9C47CBBD77760C8A3F5A /* Pods-myResturentApp.debug.xcconfig */,
				EF66D37C6B1409C558C897F9 /* Pods-myResturentApp.release.xcconfig */,
				1DC383664453B7AA0DD6015C /* Pods-myResturentAppUITests.debug.xcconfig */,
				C859EA7652A70F276A20BD83 /* Pods-myResturentAppUITests.release.xcconfig */,
			);
			name = Pods;
			sourceTree = "<group>";
		};
		6931E1FA1EC98462006C7A15 = {
			isa = PBXGroup;
			children = (
				6931E2051EC98462006C7A15 /* myResturentApp */,
				6931E21D1EC98462006C7A15 /* myResturentAppUITests */,
				6931E2041EC98462006C7A15 /* Products */,
				6936C7AB1ECA0F5400F369D6 /* Frameworks */,
				173FABCECAD04823C062CAFA /* Pods */,
			);
			sourceTree = "<group>";
		};
		6931E2041EC98462006C7A15 /* Products */ = {
			isa = PBXGroup;
			children = (
				6931E2031EC98462006C7A15 /* myResturentApp.app */,
				6931E21A1EC98462006C7A15 /* myResturentAppUITests.xctest */,
			);
			name = Products;
			sourceTree = "<group>";
		};
		6931E2051EC98462006C7A15 /* myResturentApp */ = {
			isa = PBXGroup;
			children = (
				6936C7AA1ECA0E1700F369D6 /* Restaurent */,
				6936C7A71ECA0D0200F369D6 /* Login */,
				6937C8F81EC9C69800A583A1 /* Designable */,
				6937C8A31EC9B1BE00A583A1 /* Fonts */,
				6931E2061EC98462006C7A15 /* AppDelegate.swift */,
				6931E20A1EC98462006C7A15 /* Main.storyboard */,
				6931E2101EC98462006C7A15 /* Assets.xcassets */,
				6931E2121EC98462006C7A15 /* LaunchScreen.storyboard */,
				6931E2151EC98462006C7A15 /* Info.plist */,
				694E480D1ECD72DC00FF29A2 /* GoogleService-Info.plist */,
				6931E20D1EC98462006C7A15 /* myResturentApp.xcdatamodeld */,
			);
			path = myResturentApp;
			sourceTree = "<group>";
		};
		6931E21D1EC98462006C7A15 /* myResturentAppUITests */ = {
			isa = PBXGroup;
			children = (
				6931E21E1EC98462006C7A15 /* myResturentAppUITests.swift */,
				6931E2201EC98462006C7A15 /* Info.plist */,
			);
			path = myResturentAppUITests;
			sourceTree = "<group>";
		};
		6936C7A71ECA0D0200F369D6 /* Login */ = {
			isa = PBXGroup;
			children = (
				6931E2081EC98462006C7A15 /* ViewController.swift */,
				6937C8F61EC9C0EC00A583A1 /* SignUpViewController.swift */,
				6937C8F91EC9D91D00A583A1 /* FinalSignUpViewController.swift */,
			);
			name = Login;
			sourceTree = "<group>";
		};
		6936C7AA1ECA0E1700F369D6 /* Restaurent */ = {
			isa = PBXGroup;
			children = (
				693E21C81ECB9C7A00F66C8B /* FoodData.swift */,
				6936C7A81ECA0E1200F369D6 /* RestaurentHomeViewController.swift */,
				6980E8061ECB18CD004ED80C /* MenuCategoriesTableViewController.swift */,
				6980E8081ECB2109004ED80C /* MenuViewController.swift */,
				6980E80A1ECB25D6004ED80C /* FoodCollectionViewCell.swift */,
				693E21C61ECB7BAE00F66C8B /* AddFoodViewController.swift */,
			);
			name = Restaurent;
			sourceTree = "<group>";
		};
		6936C7AB1ECA0F5400F369D6 /* Frameworks */ = {
			isa = PBXGroup;
			children = (
				6936C7AE1ECA0F5B00F369D6 /* MapKit.framework */,
				6936C7AC1ECA0F5400F369D6 /* CoreLocation.framework */,
				68BDF48C517D550A8BE4C9BC /* Pods_myResturentApp.framework */,
				B37CFF2BAB86D7EB336695F3 /* Pods_myResturentAppUITests.framework */,
			);
			name = Frameworks;
			sourceTree = "<group>";
		};
		6937C8A31EC9B1BE00A583A1 /* Fonts */ = {
			isa = PBXGroup;
			children = (
				6937C8A41EC9B1C900A583A1 /* Inconsolata */,
				6937C8A81EC9B1C900A583A1 /* Noto_Sans */,
				6937C8AE1EC9B1C900A583A1 /* Open_Sans */,
				6937C8BA1EC9B1C900A583A1 /* Open_Sans_Condensed */,
				6937C8BF1EC9B1C900A583A1 /* Roboto */,
				6937C8CD1EC9B1C900A583A1 /* Yellowtail */,
			);
			name = Fonts;
			sourceTree = "<group>";
		};
		6937C8A41EC9B1C900A583A1 /* Inconsolata */ = {
			isa = PBXGroup;
			children = (
				6937C8A51EC9B1C900A583A1 /* Inconsolata-Bold.ttf */,
				6937C8A61EC9B1C900A583A1 /* Inconsolata-Regular.ttf */,
				6937C8A71EC9B1C900A583A1 /* OFL.txt */,
			);
			path = Inconsolata;
			sourceTree = "<group>";
		};
		6937C8A81EC9B1C900A583A1 /* Noto_Sans */ = {
			isa = PBXGroup;
			children = (
				6937C8A91EC9B1C900A583A1 /* LICENSE.txt */,
				6937C8AA1EC9B1C900A583A1 /* NotoSans-Bold.ttf */,
				6937C8AB1EC9B1C900A583A1 /* NotoSans-BoldItalic.ttf */,
				6937C8AC1EC9B1C900A583A1 /* NotoSans-Italic.ttf */,
				6937C8AD1EC9B1C900A583A1 /* NotoSans-Regular.ttf */,
			);
			path = Noto_Sans;
			sourceTree = "<group>";
		};
		6937C8AE1EC9B1C900A583A1 /* Open_Sans */ = {
			isa = PBXGroup;
			children = (
				6937C8AF1EC9B1C900A583A1 /* LICENSE.txt */,
				6937C8B01EC9B1C900A583A1 /* OpenSans-Bold.ttf */,
				6937C8B11EC9B1C900A583A1 /* OpenSans-BoldItalic.ttf */,
				6937C8B21EC9B1C900A583A1 /* OpenSans-ExtraBold.ttf */,
				6937C8B31EC9B1C900A583A1 /* OpenSans-ExtraBoldItalic.ttf */,
				6937C8B41EC9B1C900A583A1 /* OpenSans-Italic.ttf */,
				6937C8B51EC9B1C900A583A1 /* OpenSans-Light.ttf */,
				6937C8B61EC9B1C900A583A1 /* OpenSans-LightItalic.ttf */,
				6937C8B71EC9B1C900A583A1 /* OpenSans-Regular.ttf */,
				6937C8B81EC9B1C900A583A1 /* OpenSans-Semibold.ttf */,
				6937C8B91EC9B1C900A583A1 /* OpenSans-SemiboldItalic.ttf */,
			);
			path = Open_Sans;
			sourceTree = "<group>";
		};
		6937C8BA1EC9B1C900A583A1 /* Open_Sans_Condensed */ = {
			isa = PBXGroup;
			children = (
				6937C8BB1EC9B1C900A583A1 /* LICENSE.txt */,
				6937C8BC1EC9B1C900A583A1 /* OpenSans-CondBold.ttf */,
				6937C8BD1EC9B1C900A583A1 /* OpenSans-CondLight.ttf */,
				6937C8BE1EC9B1C900A583A1 /* OpenSans-CondLightItalic.ttf */,
			);
			path = Open_Sans_Condensed;
			sourceTree = "<group>";
		};
		6937C8BF1EC9B1C900A583A1 /* Roboto */ = {
			isa = PBXGroup;
			children = (
				6937C8C01EC9B1C900A583A1 /* LICENSE.txt */,
				6937C8C11EC9B1C900A583A1 /* Roboto-Black.ttf */,
				6937C8C21EC9B1C900A583A1 /* Roboto-BlackItalic.ttf */,
				6937C8C31EC9B1C900A583A1 /* Roboto-Bold.ttf */,
				6937C8C41EC9B1C900A583A1 /* Roboto-BoldItalic.ttf */,
				6937C8C51EC9B1C900A583A1 /* Roboto-Italic.ttf */,
				6937C8C61EC9B1C900A583A1 /* Roboto-Light.ttf */,
				6937C8C71EC9B1C900A583A1 /* Roboto-LightItalic.ttf */,
				6937C8C81EC9B1C900A583A1 /* Roboto-Medium.ttf */,
				6937C8C91EC9B1C900A583A1 /* Roboto-MediumItalic.ttf */,
				6937C8CA1EC9B1C900A583A1 /* Roboto-Regular.ttf */,
				6937C8CB1EC9B1C900A583A1 /* Roboto-Thin.ttf */,
				6937C8CC1EC9B1C900A583A1 /* Roboto-ThinItalic.ttf */,
			);
			path = Roboto;
			sourceTree = "<group>";
		};
		6937C8CD1EC9B1C900A583A1 /* Yellowtail */ = {
			isa = PBXGroup;
			children = (
				6937C8CE1EC9B1C900A583A1 /* LICENSE.txt */,
				6937C8CF1EC9B1C900A583A1 /* Yellowtail-Regular.ttf */,
			);
			path = Yellowtail;
			sourceTree = "<group>";
		};
		6937C8F81EC9C69800A583A1 /* Designable */ = {
			isa = PBXGroup;
			children = (
				695C1B0C1EC999C900C6D36B /* DesignableButton.swift */,
				695C1B0E1EC99B1E00C6D36B /* DesignableTextField.swift */,
			);
			name = Designable;
			sourceTree = "<group>";
		};
/* End PBXGroup section */

/* Begin PBXNativeTarget section */
		6931E2021EC98462006C7A15 /* myResturentApp */ = {
			isa = PBXNativeTarget;
			buildConfigurationList = 6931E2231EC98462006C7A15 /* Build configuration list for PBXNativeTarget "myResturentApp" */;
			buildPhases = (
				9282DCB400D14FFA45B3D82B /* [CP] Check Pods Manifest.lock */,
				6931E1FF1EC98462006C7A15 /* Sources */,
				6931E2001EC98462006C7A15 /* Frameworks */,
				6931E2011EC98462006C7A15 /* Resources */,
				B88516042874B69633037B6C /* [CP] Embed Pods Frameworks */,
				E1C7C88CF30363E99A5D1026 /* [CP] Copy Pods Resources */,
			);
			buildRules = (
			);
			dependencies = (
			);
			name = myResturentApp;
			productName = myResturentApp;
			productReference = 6931E2031EC98462006C7A15 /* myResturentApp.app */;
			productType = "com.apple.product-type.application";
		};
		6931E2191EC98462006C7A15 /* myResturentAppUITests */ = {
			isa = PBXNativeTarget;
			buildConfigurationList = 6931E2261EC98462006C7A15 /* Build configuration list for PBXNativeTarget "myResturentAppUITests" */;
			buildPhases = (
				5BA65850D1656B81984F7F77 /* [CP] Check Pods Manifest.lock */,
				6931E2161EC98462006C7A15 /* Sources */,
				6931E2171EC98462006C7A15 /* Frameworks */,
				6931E2181EC98462006C7A15 /* Resources */,
				70F0D89B7AED36AD3A55A86A /* [CP] Embed Pods Frameworks */,
				B3D26B5F331BC0A5978FB718 /* [CP] Copy Pods Resources */,
			);
			buildRules = (
			);
			dependencies = (
				6931E21C1EC98462006C7A15 /* PBXTargetDependency */,
			);
			name = myResturentAppUITests;
			productName = myResturentAppUITests;
			productReference = 6931E21A1EC98462006C7A15 /* myResturentAppUITests.xctest */;
			productType = "com.apple.product-type.bundle.ui-testing";
		};
/* End PBXNativeTarget section */

/* Begin PBXProject section */
		6931E1FB1EC98462006C7A15 /* Project object */ = {
			isa = PBXProject;
			attributes = {
				LastSwiftUpdateCheck = 0830;
				LastUpgradeCheck = 0830;
				ORGANIZATIONNAME = "Mohit Kumar";
				TargetAttributes = {
					6931E2021EC98462006C7A15 = {
						CreatedOnToolsVersion = 8.3;
						DevelopmentTeam = 5656K62JV3;
						ProvisioningStyle = Automatic;
					};
					6931E2191EC98462006C7A15 = {
						CreatedOnToolsVersion = 8.3;
						DevelopmentTeam = 5656K62JV3;
						ProvisioningStyle = Automatic;
						TestTargetID = 6931E2021EC98462006C7A15;
					};
				};
			};
			buildConfigurationList = 6931E1FE1EC98462006C7A15 /* Build configuration list for PBXProject "myResturentApp" */;
			compatibilityVersion = "Xcode 3.2";
			developmentRegion = English;
			hasScannedForEncodings = 0;
			knownRegions = (
				en,
				Base,
			);
			mainGroup = 6931E1FA1EC98462006C7A15;
			productRefGroup = 6931E2041EC98462006C7A15 /* Products */;
			projectDirPath = "";
			projectRoot = "";
			targets = (
				6931E2021EC98462006C7A15 /* myResturentApp */,
				6931E2191EC98462006C7A15 /* myResturentAppUITests */,
			);
		};
/* End PBXProject section */

/* Begin PBXResourcesBuildPhase section */
		6931E2011EC98462006C7A15 /* Resources */ = {
			isa = PBXResourcesBuildPhase;
			buildActionMask = 2147483647;
			files = (
				6937C8D81EC9B1C900A583A1 /* LICENSE.txt in Resources */,
				6937C8E91EC9B1C900A583A1 /* Roboto-BlackItalic.ttf in Resources */,
				6937C8EA1EC9B1C900A583A1 /* Roboto-Bold.ttf in Resources */,
				6937C8EB1EC9B1C900A583A1 /* Roboto-BoldItalic.ttf in Resources */,
				6937C8D41EC9B1C900A583A1 /* NotoSans-Bold.ttf in Resources */,
				6937C8EC1EC9B1C900A583A1 /* Roboto-Italic.ttf in Resources */,
				6937C8D21EC9B1C900A583A1 /* OFL.txt in Resources */,
				6937C8D11EC9B1C900A583A1 /* Inconsolata-Regular.ttf in Resources */,
				6937C8E61EC9B1C900A583A1 /* OpenSans-CondLightItalic.ttf in Resources */,
				6937C8D71EC9B1C900A583A1 /* NotoSans-Regular.ttf in Resources */,
				6937C8EF1EC9B1C900A583A1 /* Roboto-Medium.ttf in Resources */,
				6937C8D51EC9B1C900A583A1 /* NotoSans-BoldItalic.ttf in Resources */,
				6937C8F31EC9B1C900A583A1 /* Roboto-ThinItalic.ttf in Resources */,
				6937C8DE1EC9B1C900A583A1 /* OpenSans-Light.ttf in Resources */,
				6931E2141EC98462006C7A15 /* LaunchScreen.storyboard in Resources */,
				6937C8F21EC9B1C900A583A1 /* Roboto-Thin.ttf in Resources */,
				6937C8DC1EC9B1C900A583A1 /* OpenSans-ExtraBoldItalic.ttf in Resources */,
				6937C8ED1EC9B1C900A583A1 /* Roboto-Light.ttf in Resources */,
				6937C8F01EC9B1C900A583A1 /* Roboto-MediumItalic.ttf in Resources */,
				6937C8F11EC9B1C900A583A1 /* Roboto-Regular.ttf in Resources */,
				6937C8D61EC9B1C900A583A1 /* NotoSans-Italic.ttf in Resources */,
				6937C8E81EC9B1C900A583A1 /* Roboto-Black.ttf in Resources */,
				6937C8E41EC9B1C900A583A1 /* OpenSans-CondBold.ttf in Resources */,
				6937C8F51EC9B1C900A583A1 /* Yellowtail-Regular.ttf in Resources */,
				6937C8E71EC9B1C900A583A1 /* LICENSE.txt in Resources */,
				6937C8E21EC9B1C900A583A1 /* OpenSans-SemiboldItalic.ttf in Resources */,
				6937C8E01EC9B1C900A583A1 /* OpenSans-Regular.ttf in Resources */,
				6937C8D01EC9B1C900A583A1 /* Inconsolata-Bold.ttf in Resources */,
				6937C8E51EC9B1C900A583A1 /* OpenSans-CondLight.ttf in Resources */,
				6937C8F41EC9B1C900A583A1 /* LICENSE.txt in Resources */,
				6937C8E11EC9B1C900A583A1 /* OpenSans-Semibold.ttf in Resources */,
				6931E2111EC98462006C7A15 /* Assets.xcassets in Resources */,
				6937C8DA1EC9B1C900A583A1 /* OpenSans-BoldItalic.ttf in Resources */,
				6937C8E31EC9B1C900A583A1 /* LICENSE.txt in Resources */,
				6937C8D91EC9B1C900A583A1 /* OpenSans-Bold.ttf in Resources */,
				6937C8EE1EC9B1C900A583A1 /* Roboto-LightItalic.ttf in Resources */,
				6937C8DD1EC9B1C900A583A1 /* OpenSans-Italic.ttf in Resources */,
				6937C8DF1EC9B1C900A583A1 /* OpenSans-LightItalic.ttf in Resources */,
				6931E20C1EC98462006C7A15 /* Main.storyboard in Resources */,
				6937C8D31EC9B1C900A583A1 /* LICENSE.txt in Resources */,
				6937C8DB1EC9B1C900A583A1 /* OpenSans-ExtraBold.ttf in Resources */,
				694E480E1ECD72DC00FF29A2 /* GoogleService-Info.plist in Resources */,
			);
			runOnlyForDeploymentPostprocessing = 0;
		};
		6931E2181EC98462006C7A15 /* Resources */ = {
			isa = PBXResourcesBuildPhase;
			buildActionMask = 2147483647;
			files = (
			);
			runOnlyForDeploymentPostprocessing = 0;
		};
/* End PBXResourcesBuildPhase section */

/* Begin PBXShellScriptBuildPhase section */
		5BA65850D1656B81984F7F77 /* [CP] Check Pods Manifest.lock */ = {
			isa = PBXShellScriptBuildPhase;
			buildActionMask = 2147483647;
			files = (
			);
			inputPaths = (
			);
			name = "[CP] Check Pods Manifest.lock";
			outputPaths = (
			);
			runOnlyForDeploymentPostprocessing = 0;
			shellPath = /bin/sh;
			shellScript = "diff \"${PODS_ROOT}/../Podfile.lock\" \"${PODS_ROOT}/Manifest.lock\" > /dev/null\nif [ $? != 0 ] ; then\n    # print error to STDERR\n    echo \"error: The sandbox is not in sync with the Podfile.lock. Run 'pod install' or update your CocoaPods installation.\" >&2\n    exit 1\nfi\n";
			showEnvVarsInLog = 0;
		};
		70F0D89B7AED36AD3A55A86A /* [CP] Embed Pods Frameworks */ = {
			isa = PBXShellScriptBuildPhase;
			buildActionMask = 2147483647;
			files = (
			);
			inputPaths = (
			);
			name = "[CP] Embed Pods Frameworks";
			outputPaths = (
			);
			runOnlyForDeploymentPostprocessing = 0;
			shellPath = /bin/sh;
			shellScript = "\"${SRCROOT}/Pods/Target Support Files/Pods-myResturentAppUITests/Pods-myResturentAppUITests-frameworks.sh\"\n";
			showEnvVarsInLog = 0;
		};
		9282DCB400D14FFA45B3D82B /* [CP] Check Pods Manifest.lock */ = {
			isa = PBXShellScriptBuildPhase;
			buildActionMask = 2147483647;
			files = (
			);
			inputPaths = (
			);
			name = "[CP] Check Pods Manifest.lock";
			outputPaths = (
			);
			runOnlyForDeploymentPostprocessing = 0;
			shellPath = /bin/sh;
			shellScript = "diff \"${PODS_ROOT}/../Podfile.lock\" \"${PODS_ROOT}/Manifest.lock\" > /dev/null\nif [ $? != 0 ] ; then\n    # print error to STDERR\n    echo \"error: The sandbox is not in sync with the Podfile.lock. Run 'pod install' or update your CocoaPods installation.\" >&2\n    exit 1\nfi\n";
			showEnvVarsInLog = 0;
		};
		B3D26B5F331BC0A5978FB718 /* [CP] Copy Pods Resources */ = {
			isa = PBXShellScriptBuildPhase;
			buildActionMask = 2147483647;
			files = (
			);
			inputPaths = (
			);
			name = "[CP] Copy Pods Resources";
			outputPaths = (
			);
			runOnlyForDeploymentPostprocessing = 0;
			shellPath = /bin/sh;
			shellScript = "\"${SRCROOT}/Pods/Target Support Files/Pods-myResturentAppUITests/Pods-myResturentAppUITests-resources.sh\"\n";
			showEnvVarsInLog = 0;
		};
		B88516042874B69633037B6C /* [CP] Embed Pods Frameworks */ = {
			isa = PBXShellScriptBuildPhase;
			buildActionMask = 2147483647;
			files = (
			);
			inputPaths = (
			);
			name = "[CP] Embed Pods Frameworks";
			outputPaths = (
			);
			runOnlyForDeploymentPostprocessing = 0;
			shellPath = /bin/sh;
			shellScript = "\"${SRCROOT}/Pods/Target Support Files/Pods-myResturentApp/Pods-myResturentApp-frameworks.sh\"\n";
			showEnvVarsInLog = 0;
		};
		E1C7C88CF30363E99A5D1026 /* [CP] Copy Pods Resources */ = {
			isa = PBXShellScriptBuildPhase;
			buildActionMask = 2147483647;
			files = (
			);
			inputPaths = (
			);
			name = "[CP] Copy Pods Resources";
			outputPaths = (
			);
			runOnlyForDeploymentPostprocessing = 0;
			shellPath = /bin/sh;
			shellScript = "\"${SRCROOT}/Pods/Target Support Files/Pods-myResturentApp/Pods-myResturentApp-resources.sh\"\n";
			showEnvVarsInLog = 0;
		};
/* End PBXShellScriptBuildPhase section */

/* Begin PBXSourcesBuildPhase section */
		6931E1FF1EC98462006C7A15 /* Sources */ = {
			isa = PBXSourcesBuildPhase;
			buildActionMask = 2147483647;
			files = (
				6980E80B1ECB25D6004ED80C /* FoodCollectionViewCell.swift in Sources */,
				6937C8F71EC9C0EC00A583A1 /* SignUpViewController.swift in Sources */,
				6980E8091ECB2109004ED80C /* MenuViewController.swift in Sources */,
				6937C8FA1EC9D91D00A583A1 /* FinalSignUpViewController.swift in Sources */,
				6936C7A91ECA0E1200F369D6 /* RestaurentHomeViewController.swift in Sources */,
				6931E2091EC98462006C7A15 /* ViewController.swift in Sources */,
				693E21C91ECB9C7A00F66C8B /* FoodData.swift in Sources */,
				6931E2071EC98462006C7A15 /* AppDelegate.swift in Sources */,
				695C1B0F1EC99B1E00C6D36B /* DesignableTextField.swift in Sources */,
				6980E8071ECB18CD004ED80C /* MenuCategoriesTableViewController.swift in Sources */,
				6931E20F1EC98462006C7A15 /* myResturentApp.xcdatamodeld in Sources */,
				693E21C71ECB7BAE00F66C8B /* AddFoodViewController.swift in Sources */,
				695C1B0D1EC999C900C6D36B /* DesignableButton.swift in Sources */,
			);
			runOnlyForDeploymentPostprocessing = 0;
		};
		6931E2161EC98462006C7A15 /* Sources */ = {
			isa = PBXSourcesBuildPhase;
			buildActionMask = 2147483647;
			files = (
				6931E21F1EC98462006C7A15 /* myResturentAppUITests.swift in Sources */,
			);
			runOnlyForDeploymentPostprocessing = 0;
		};
/* End PBXSourcesBuildPhase section */

/* Begin PBXTargetDependency section */
		6931E21C1EC98462006C7A15 /* PBXTargetDependency */ = {
			isa = PBXTargetDependency;
			target = 6931E2021EC98462006C7A15 /* myResturentApp */;
			targetProxy = 6931E21B1EC98462006C7A15 /* PBXContainerItemProxy */;
		};
/* End PBXTargetDependency section */

/* Begin PBXVariantGroup section */
		6931E20A1EC98462006C7A15 /* Main.storyboard */ = {
			isa = PBXVariantGroup;
			children = (
				6931E20B1EC98462006C7A15 /* Base */,
			);
			name = Main.storyboard;
			sourceTree = "<group>";
		};
		6931E2121EC98462006C7A15 /* LaunchScreen.storyboard */ = {
			isa = PBXVariantGroup;
			children = (
				6931E2131EC98462006C7A15 /* Base */,
			);
			name = LaunchScreen.storyboard;
			sourceTree = "<group>";
		};
/* End PBXVariantGroup section */

/* Begin XCBuildConfiguration section */
		6931E2211EC98462006C7A15 /* Debug */ = {
			isa = XCBuildConfiguration;
			buildSettings = {
				ALWAYS_SEARCH_USER_PATHS = NO;
				CLANG_ANALYZER_NONNULL = YES;
				CLANG_ANALYZER_NUMBER_OBJECT_CONVERSION = YES_AGGRESSIVE;
				CLANG_CXX_LANGUAGE_STANDARD = "gnu++0x";
				CLANG_CXX_LIBRARY = "libc++";
				CLANG_ENABLE_MODULES = YES;
				CLANG_ENABLE_OBJC_ARC = YES;
				CLANG_WARN_BOOL_CONVERSION = YES;
				CLANG_WARN_CONSTANT_CONVERSION = YES;
				CLANG_WARN_DIRECT_OBJC_ISA_USAGE = YES_ERROR;
				CLANG_WARN_DOCUMENTATION_COMMENTS = YES;
				CLANG_WARN_EMPTY_BODY = YES;
				CLANG_WARN_ENUM_CONVERSION = YES;
				CLANG_WARN_INFINITE_RECURSION = YES;
				CLANG_WARN_INT_CONVERSION = YES;
				CLANG_WARN_OBJC_ROOT_CLASS = YES_ERROR;
				CLANG_WARN_SUSPICIOUS_MOVE = YES;
				CLANG_WARN_UNREACHABLE_CODE = YES;
				CLANG_WARN__DUPLICATE_METHOD_MATCH = YES;
				"CODE_SIGN_IDENTITY[sdk=iphoneos*]" = "iPhone Developer";
				COPY_PHASE_STRIP = NO;
				DEBUG_INFORMATION_FORMAT = dwarf;
				ENABLE_STRICT_OBJC_MSGSEND = YES;
				ENABLE_TESTABILITY = YES;
				GCC_C_LANGUAGE_STANDARD = gnu99;
				GCC_DYNAMIC_NO_PIC = NO;
				GCC_NO_COMMON_BLOCKS = YES;
				GCC_OPTIMIZATION_LEVEL = 0;
				GCC_PREPROCESSOR_DEFINITIONS = (
					"DEBUG=1",
					"$(inherited)",
				);
				GCC_WARN_64_TO_32_BIT_CONVERSION = YES;
				GCC_WARN_ABOUT_RETURN_TYPE = YES_ERROR;
				GCC_WARN_UNDECLARED_SELECTOR = YES;
				GCC_WARN_UNINITIALIZED_AUTOS = YES_AGGRESSIVE;
				GCC_WARN_UNUSED_FUNCTION = YES;
				GCC_WARN_UNUSED_VARIABLE = YES;
				IPHONEOS_DEPLOYMENT_TARGET = 10.3;
				MTL_ENABLE_DEBUG_INFO = YES;
				ONLY_ACTIVE_ARCH = YES;
				SDKROOT = iphoneos;
				SWIFT_ACTIVE_COMPILATION_CONDITIONS = DEBUG;
				SWIFT_OPTIMIZATION_LEVEL = "-Onone";
				TARGETED_DEVICE_FAMILY = "1,2";
			};
			name = Debug;
		};
		6931E2221EC98462006C7A15 /* Release */ = {
			isa = XCBuildConfiguration;
			buildSettings = {
				ALWAYS_SEARCH_USER_PATHS = NO;
				CLANG_ANALYZER_NONNULL = YES;
				CLANG_ANALYZER_NUMBER_OBJECT_CONVERSION = YES_AGGRESSIVE;
				CLANG_CXX_LANGUAGE_STANDARD = "gnu++0x";
				CLANG_CXX_LIBRARY = "libc++";
				CLANG_ENABLE_MODULES = YES;
				CLANG_ENABLE_OBJC_ARC = YES;
				CLANG_WARN_BOOL_CONVERSION = YES;
				CLANG_WARN_CONSTANT_CONVERSION = YES;
				CLANG_WARN_DIRECT_OBJC_ISA_USAGE = YES_ERROR;
				CLANG_WARN_DOCUMENTATION_COMMENTS = YES;
				CLANG_WARN_EMPTY_BODY = YES;
				CLANG_WARN_ENUM_CONVERSION = YES;
				CLANG_WARN_INFINITE_RECURSION = YES;
				CLANG_WARN_INT_CONVERSION = YES;
				CLANG_WARN_OBJC_ROOT_CLASS = YES_ERROR;
				CLANG_WARN_SUSPICIOUS_MOVE = YES;
				CLANG_WARN_UNREACHABLE_CODE = YES;
				CLANG_WARN__DUPLICATE_METHOD_MATCH = YES;
				"CODE_SIGN_IDENTITY[sdk=iphoneos*]" = "iPhone Developer";
				COPY_PHASE_STRIP = NO;
				DEBUG_INFORMATION_FORMAT = "dwarf-with-dsym";
				ENABLE_NS_ASSERTIONS = NO;
				ENABLE_STRICT_OBJC_MSGSEND = YES;
				GCC_C_LANGUAGE_STANDARD = gnu99;
				GCC_NO_COMMON_BLOCKS = YES;
				GCC_WARN_64_TO_32_BIT_CONVERSION = YES;
				GCC_WARN_ABOUT_RETURN_TYPE = YES_ERROR;
				GCC_WARN_UNDECLARED_SELECTOR = YES;
				GCC_WARN_UNINITIALIZED_AUTOS = YES_AGGRESSIVE;
				GCC_WARN_UNUSED_FUNCTION = YES;
				GCC_WARN_UNUSED_VARIABLE = YES;
				IPHONEOS_DEPLOYMENT_TARGET = 10.3;
				MTL_ENABLE_DEBUG_INFO = NO;
				SDKROOT = iphoneos;
				SWIFT_OPTIMIZATION_LEVEL = "-Owholemodule";
				TARGETED_DEVICE_FAMILY = "1,2";
				VALIDATE_PRODUCT = YES;
			};
			name = Release;
		};
		6931E2241EC98462006C7A15 /* Debug */ = {
			isa = XCBuildConfiguration;
			baseConfigurationReference = 4F7D9C47CBBD77760C8A3F5A /* Pods-myResturentApp.debug.xcconfig */;
			buildSettings = {
				ASSETCATALOG_COMPILER_APPICON_NAME = AppIcon;
				DEVELOPMENT_TEAM = 5656K62JV3;
				INFOPLIST_FILE = myResturentApp/Info.plist;
				LD_RUNPATH_SEARCH_PATHS = "$(inherited) @executable_path/Frameworks";
				PRODUCT_BUNDLE_IDENTIFIER = com.erozone.myResturentApp;
				PRODUCT_NAME = "$(TARGET_NAME)";
				SWIFT_VERSION = 3.0;
			};
			name = Debug;
		};
		6931E2251EC98462006C7A15 /* Release */ = {
			isa = XCBuildConfiguration;
			baseConfigurationReference = EF66D37C6B1409C558C897F9 /* Pods-myResturentApp.release.xcconfig */;
			buildSettings = {
				ASSETCATALOG_COMPILER_APPICON_NAME = AppIcon;
				DEVELOPMENT_TEAM = 5656K62JV3;
				INFOPLIST_FILE = myResturentApp/Info.plist;
				LD_RUNPATH_SEARCH_PATHS = "$(inherited) @executable_path/Frameworks";
				PRODUCT_BUNDLE_IDENTIFIER = com.erozone.myResturentApp;
				PRODUCT_NAME = "$(TARGET_NAME)";
				SWIFT_VERSION = 3.0;
			};
			name = Release;
		};
		6931E2271EC98462006C7A15 /* Debug */ = {
			isa = XCBuildConfiguration;
			baseConfigurationReference = 1DC383664453B7AA0DD6015C /* Pods-myResturentAppUITests.debug.xcconfig */;
			buildSettings = {
				ALWAYS_EMBED_SWIFT_STANDARD_LIBRARIES = YES;
				DEVELOPMENT_TEAM = 5656K62JV3;
				INFOPLIST_FILE = myResturentAppUITests/Info.plist;
				LD_RUNPATH_SEARCH_PATHS = "$(inherited) @executable_path/Frameworks @loader_path/Frameworks";
				PRODUCT_BUNDLE_IDENTIFIER = com.erozone.myResturentAppUITests;
				PRODUCT_NAME = "$(TARGET_NAME)";
				SWIFT_VERSION = 3.0;
				TEST_TARGET_NAME = myResturentApp;
			};
			name = Debug;
		};
		6931E2281EC98462006C7A15 /* Release */ = {
			isa = XCBuildConfiguration;
			baseConfigurationReference = C859EA7652A70F276A20BD83 /* Pods-myResturentAppUITests.release.xcconfig */;
			buildSettings = {
				ALWAYS_EMBED_SWIFT_STANDARD_LIBRARIES = YES;
				DEVELOPMENT_TEAM = 5656K62JV3;
				INFOPLIST_FILE = myResturentAppUITests/Info.plist;
				LD_RUNPATH_SEARCH_PATHS = "$(inherited) @executable_path/Frameworks @loader_path/Frameworks";
				PRODUCT_BUNDLE_IDENTIFIER = com.erozone.myResturentAppUITests;
				PRODUCT_NAME = "$(TARGET_NAME)";
				SWIFT_VERSION = 3.0;
				TEST_TARGET_NAME = myResturentApp;
			};
			name = Release;
		};
/* End XCBuildConfiguration section */

/* Begin XCConfigurationList section */
		6931E1FE1EC98462006C7A15 /* Build configuration list for PBXProject "myResturentApp" */ = {
			isa = XCConfigurationList;
			buildConfigurations = (
				6931E2211EC98462006C7A15 /* Debug */,
				6931E2221EC98462006C7A15 /* Release */,
			);
			defaultConfigurationIsVisible = 0;
			defaultConfigurationName = Release;
		};
		6931E2231EC98462006C7A15 /* Build configuration list for PBXNativeTarget "myResturentApp" */ = {
			isa = XCConfigurationList;
			buildConfigurations = (
				6931E2241EC98462006C7A15 /* Debug */,
				6931E2251EC98462006C7A15 /* Release */,
			);
			defaultConfigurationIsVisible = 0;
			defaultConfigurationName = Release;
		};
		6931E2261EC98462006C7A15 /* Build configuration list for PBXNativeTarget "myResturentAppUITests" */ = {
			isa = XCConfigurationList;
			buildConfigurations = (
				6931E2271EC98462006C7A15 /* Debug */,
				6931E2281EC98462006C7A15 /* Release */,
			);
			defaultConfigurationIsVisible = 0;
			defaultConfigurationName = Release;
		};
/* End XCConfigurationList section */

/* Begin XCVersionGroup section */
		6931E20D1EC98462006C7A15 /* myResturentApp.xcdatamodeld */ = {
			isa = XCVersionGroup;
			children = (
				6931E20E1EC98462006C7A15 /* myResturentApp.xcdatamodel */,
			);
			currentVersion = 6931E20E1EC98462006C7A15 /* myResturentApp.xcdatamodel */;
			path = myResturentApp.xcdatamodeld;
			sourceTree = "<group>";
			versionGroupType = wrapper.xcdatamodel;
		};
/* End XCVersionGroup section */
	};
	rootObject = 6931E1FB1EC98462006C7A15 /* Project object */;
}
